{
  "requires": true,
  "lockfileVersion": 1,
  "dependencies": {
    "weui": {
      "version": "2.0.0",
      "resolved": "https://registry.npmjs.org/weui/-/weui-2.0.0.tgz",
      "integrity": "sha512-/GsI5tiXD9iznThDlvbFudHUfpQoGLvfNJ79iIT7wLjTKsL+U0Kq5oBikWLkMD4Pijj85Rreh5EK8IACh2Blcw=="
    }
  }
}
